
Microsoft Visual Studio Solution File, Format Version 12.00
# Visual Studio 15
VisualStudioVersion = 15.0.28307.960
MinimumVisualStudioVersion = 10.0.40219.1
Project("{FAE04EC0-301F-11D3-BF4B-00C04F79EFBC}") = "TesteProjeto", "TesteProjeto\TesteProjeto.csproj", "{73C4144F-C3F1-499B-9EFB-90B57B55B31B}"
EndProject
Global
	GlobalSection(SolutionConfigurationPlatforms) = preSolution
		Debug|Any CPU = Debug|Any CPU
		Release|Any CPU = Release|Any CPU
	EndGlobalSection
	GlobalSection(ProjectConfigurationPlatforms) = postSolution
		{73C4144F-C3F1-499B-9EFB-90B57B55B31B}.Debug|Any CPU.ActiveCfg = Debug|Any CPU
		{73C4144F-C3F1-499B-9EFB-90B57B55B31B}.Debug|Any CPU.Build.0 = Debug|Any CPU
		{73C4144F-C3F1-499B-9EFB-90B57B55B31B}.Release|Any CPU.ActiveCfg = Release|Any CPU
		{73C4144F-C3F1-499B-9EFB-90B57B55B31B}.Release|Any CPU.Build.0 = Release|Any CPU
	EndGlobalSection
	GlobalSection(SolutionProperties) = preSolution
		HideSolutionNode = FALSE
	EndGlobalSection
	GlobalSection(ExtensibilityGlobals) = postSolution
		SolutionGuid = {3BCCADE9-0C01-4514-915A-CE3568D5BC3B}
	EndGlobalSection
EndGlobal
